{
  "name": "tugat",
  "version": "1.0.0",
  "lockfileVersion": 1,
  "requires": true,
  "dependencies": {
    "coinspot-api": {
      "version": "0.1.20",
      "resolved": "https://registry.npmjs.org/coinspot-api/-/coinspot-api-0.1.20.tgz",
      "integrity": "sha1-ManI9MrVveKGJ3wuU4w/bTZQKRw="
    },
    "dotenv": {
      "version": "10.0.0",
      "resolved": "https://registry.npmjs.org/dotenv/-/dotenv-10.0.0.tgz",
      "integrity": "sha512-rlBi9d8jpv9Sf1klPjNfFAuWDjKLwTIJJ/VxtoTwIR6hnZxcEOQCZg2oIL3MWBYw5GpUDKOEnND7LXTbIpQ03Q=="
    }
  }
}
